
Microsoft Visual Studio Solution File, Format Version 12.00
# Visual Studio Version 17
VisualStudioVersion = 17.13.35913.81 d17.13
MinimumVisualStudioVersion = 10.0.40219.1
Project("{8BC9CEB8-8B4A-11D0-8D11-00A0C91BC942}") = "8-1", "8-1\8-1.vcxproj", "{104E8C0C-AED9-4E87-B645-71E7F2E6854B}"
EndProject
Global
	GlobalSection(SolutionConfigurationPlatforms) = preSolution
		Debug|x64 = Debug|x64
		Debug|x86 = Debug|x86
		Release|x64 = Release|x64
		Release|x86 = Release|x86
	EndGlobalSection
	GlobalSection(ProjectConfigurationPlatforms) = postSolution
		{104E8C0C-AED9-4E87-B645-71E7F2E6854B}.Debug|x64.ActiveCfg = Debug|x64
		{104E8C0C-AED9-4E87-B645-71E7F2E6854B}.Debug|x64.Build.0 = Debug|x64
		{104E8C0C-AED9-4E87-B645-71E7F2E6854B}.Debug|x86.ActiveCfg = Debug|Win32
		{104E8C0C-AED9-4E87-B645-71E7F2E6854B}.Debug|x86.Build.0 = Debug|Win32
		{104E8C0C-AED9-4E87-B645-71E7F2E6854B}.Release|x64.ActiveCfg = Release|x64
		{104E8C0C-AED9-4E87-B645-71E7F2E6854B}.Release|x64.Build.0 = Release|x64
		{104E8C0C-AED9-4E87-B645-71E7F2E6854B}.Release|x86.ActiveCfg = Release|Win32
		{104E8C0C-AED9-4E87-B645-71E7F2E6854B}.Release|x86.Build.0 = Release|Win32
	EndGlobalSection
	GlobalSection(SolutionProperties) = preSolution
		HideSolutionNode = FALSE
	EndGlobalSection
	GlobalSection(ExtensibilityGlobals) = postSolution
		SolutionGuid = {91B4B737-6640-4ECF-A312-26830E761440}
	EndGlobalSection
EndGlobal
