
Microsoft Visual Studio Solution File, Format Version 12.00
# Visual Studio Version 17
VisualStudioVersion = 17.13.35913.81 d17.13
MinimumVisualStudioVersion = 10.0.40219.1
Project("{8BC9CEB8-8B4A-11D0-8D11-00A0C91BC942}") = "3-2", "3-2\3-2.vcxproj", "{5CE8C6BD-8F84-4E82-88A5-AC206EFBFAA0}"
EndProject
Global
	GlobalSection(SolutionConfigurationPlatforms) = preSolution
		Debug|x64 = Debug|x64
		Debug|x86 = Debug|x86
		Release|x64 = Release|x64
		Release|x86 = Release|x86
	EndGlobalSection
	GlobalSection(ProjectConfigurationPlatforms) = postSolution
		{5CE8C6BD-8F84-4E82-88A5-AC206EFBFAA0}.Debug|x64.ActiveCfg = Debug|x64
		{5CE8C6BD-8F84-4E82-88A5-AC206EFBFAA0}.Debug|x64.Build.0 = Debug|x64
		{5CE8C6BD-8F84-4E82-88A5-AC206EFBFAA0}.Debug|x86.ActiveCfg = Debug|Win32
		{5CE8C6BD-8F84-4E82-88A5-AC206EFBFAA0}.Debug|x86.Build.0 = Debug|Win32
		{5CE8C6BD-8F84-4E82-88A5-AC206EFBFAA0}.Release|x64.ActiveCfg = Release|x64
		{5CE8C6BD-8F84-4E82-88A5-AC206EFBFAA0}.Release|x64.Build.0 = Release|x64
		{5CE8C6BD-8F84-4E82-88A5-AC206EFBFAA0}.Release|x86.ActiveCfg = Release|Win32
		{5CE8C6BD-8F84-4E82-88A5-AC206EFBFAA0}.Release|x86.Build.0 = Release|Win32
	EndGlobalSection
	GlobalSection(SolutionProperties) = preSolution
		HideSolutionNode = FALSE
	EndGlobalSection
	GlobalSection(ExtensibilityGlobals) = postSolution
		SolutionGuid = {50961031-3480-4D34-8C98-101F74CB45FF}
	EndGlobalSection
EndGlobal
